// !$*UTF8*$!
{
	archiveVersion = 1;
	classes = {
	};
	objectVersion = 46;
	objects = {

/* Begin PBXBuildFile section */
		2B03D8031BFFD48200D723CE /* AppDelegate.swift in Sources */ = {isa = PBXBuildFile; fileRef = 2B03D8021BFFD48200D723CE /* AppDelegate.swift */; };
		2B03D8051BFFD48200D723CE /* ViewController.swift in Sources */ = {isa = PBXBuildFile; fileRef = 2B03D8041BFFD48200D723CE /* ViewController.swift */; };
		2B03D8081BFFD48200D723CE /* Main.storyboard in Resources */ = {isa = PBXBuildFile; fileRef = 2B03D8061BFFD48200D723CE /* Main.storyboard */; };
		2B03D80A1BFFD48200D723CE /* Assets.xcassets in Resources */ = {isa = PBXBuildFile; fileRef = 2B03D8091BFFD48200D723CE /* Assets.xcassets */; };
		2B03D80D1BFFD48200D723CE /* LaunchScreen.storyboard in Resources */ = {isa = PBXBuildFile; fileRef = 2B03D80B1BFFD48200D723CE /* LaunchScreen.storyboard */; };
		2B5B769D1BFFF8BD000A515A /* FactModel.swift in Sources */ = {isa = PBXBuildFile; fileRef = 2B5B769C1BFFF8BD000A515A /* FactModel.swift */; };
		2B5B769F1C025B1F000A515A /* ColourModel.swift in Sources */ = {isa = PBXBuildFile; fileRef = 2B5B769E1C025B1F000A515A /* ColourModel.swift */; };
/* End PBXBuildFile section */

/* Begin PBXFileReference section */
		2B03D7FF1BFFD48200D723CE /* FunFacts.app */ = {isa = PBXFileReference; explicitFileType = wrapper.application; includeInIndex = 0; path = FunFacts.app; sourceTree = BUILT_PRODUCTS_DIR; };
		2B03D8021BFFD48200D723CE /* AppDelegate.swift */ = {isa = PBXFileReference; lastKnownFileType = sourcecode.swift; path = AppDelegate.swift; sourceTree = "<group>"; };
		2B03D8041BFFD48200D723CE /* ViewController.swift */ = {isa = PBXFileReference; lastKnownFileType = sourcecode.swift; path = ViewController.swift; sourceTree = "<group>"; };
		2B03D8071BFFD48200D723CE /* Base */ = {isa = PBXFileReference; lastKnownFileType = file.storyboard; name = Base; path = Base.lproj/Main.storyboard; sourceTree = "<group>"; };
		2B03D8091BFFD48200D723CE /* Assets.xcassets */ = {isa = PBXFileReference; lastKnownFileType = folder.assetcatalog; path = Assets.xcassets; sourceTree = "<group>"; };
		2B03D80C1BFFD48200D723CE /* Base */ = {isa = PBXFileReference; lastKnownFileType = file.storyboard; name = Base; path = Base.lproj/LaunchScreen.storyboard; sourceTree = "<group>"; };
		2B03D80E1BFFD48200D723CE /* Info.plist */ = {isa = PBXFileReference; lastKnownFileType = text.plist.xml; path = Info.plist; sourceTree = "<group>"; };
		2B5B769C1BFFF8BD000A515A /* FactModel.swift */ = {isa = PBXFileReference; fileEncoding = 4; lastKnownFileType = sourcecode.swift; path = FactModel.swift; sourceTree = "<group>"; };
		2B5B769E1C025B1F000A515A /* ColourModel.swift */ = {isa = PBXFileReference; fileEncoding = 4; lastKnownFileType = sourcecode.swift; path = ColourModel.swift; sourceTree = "<group>"; };
/* End PBXFileReference section */

/* Begin PBXFrameworksBuildPhase section */
		2B03D7FC1BFFD48200D723CE /* Frameworks */ = {
			isa = PBXFrameworksBuildPhase;
			buildActionMask = 2147483647;
			files = (
			);
			runOnlyForDeploymentPostprocessing = 0;
		};
/* End PBXFrameworksBuildPhase section */

/* Begin PBXGroup section */
		2B03D7F61BFFD48200D723CE = {
			isa = PBXGroup;
			children = (
				2B03D8011BFFD48200D723CE /* FunFacts */,
				2B03D8001BFFD48200D723CE /* Products */,
			);
			sourceTree = "<group>";
		};
		2B03D8001BFFD48200D723CE /* Products */ = {
			isa = PBXGroup;
			children = (
				2B03D7FF1BFFD48200D723CE /* FunFacts.app */,
			);
			name = Products;
			sourceTree = "<group>";
		};
		2B03D8011BFFD48200D723CE /* FunFacts */ = {
			isa = PBXGroup;
			children = (
				2B03D8021BFFD48200D723CE /* AppDelegate.swift */,
				2B03D8041BFFD48200D723CE /* ViewController.swift */,
				2B03D8061BFFD48200D723CE /* Main.storyboard */,
				2B03D8091BFFD48200D723CE /* Assets.xcassets */,
				2B03D80B1BFFD48200D723CE /* LaunchScreen.storyboard */,
				2B03D80E1BFFD48200D723CE /* Info.plist */,
				2B5B769C1BFFF8BD000A515A /* FactModel.swift */,
				2B5B769E1C025B1F000A515A /* ColourModel.swift */,
			);
			path = FunFacts;
			sourceTree = "<group>";
		};
/* End PBXGroup section */

/* Begin PBXNativeTarget section */
		2B03D7FE1BFFD48200D723CE /* FunFacts */ = {
			isa = PBXNativeTarget;
			buildConfigurationList = 2B03D8111BFFD48200D723CE /* Build configuration list for PBXNativeTarget "FunFacts" */;
			buildPhases = (
				2B03D7FB1BFFD48200D723CE /* Sources */,
				2B03D7FC1BFFD48200D723CE /* Frameworks */,
				2B03D7FD1BFFD48200D723CE /* Resources */,
			);
			buildRules = (
			);
			dependencies = (
			);
			name = FunFacts;
			productName = FunFacts;
			productReference = 2B03D7FF1BFFD48200D723CE /* FunFacts.app */;
			productType = "com.apple.product-type.application";
		};
/* End PBXNativeTarget section */

/* Begin PBXProject section */
		2B03D7F71BFFD48200D723CE /* Project object */ = {
			isa = PBXProject;
			attributes = {
				LastSwiftUpdateCheck = 0710;
				LastUpgradeCheck = 0710;
				ORGANIZATIONNAME = "Ashwin Iyer";
				TargetAttributes = {
					2B03D7FE1BFFD48200D723CE = {
						CreatedOnToolsVersion = 7.1.1;
						DevelopmentTeam = B5256BRCE6;
						LastSwiftMigration = 0830;
					};
				};
			};
			buildConfigurationList = 2B03D7FA1BFFD48200D723CE /* Build configuration list for PBXProject "FunFacts" */;
			compatibilityVersion = "Xcode 3.2";
			developmentRegion = English;
			hasScannedForEncodings = 0;
			knownRegions = (
				en,
				Base,
			);
			mainGroup = 2B03D7F61BFFD48200D723CE;
			productRefGroup = 2B03D8001BFFD48200D723CE /* Products */;
			projectDirPath = "";
			projectRoot = "";
			targets = (
				2B03D7FE1BFFD48200D723CE /* FunFacts */,
			);
		};
/* End PBXProject section */

/* Begin PBXResourcesBuildPhase section */
		2B03D7FD1BFFD48200D723CE /* Resources */ = {
			isa = PBXResourcesBuildPhase;
			buildActionMask = 2147483647;
			files = (
				2B03D80D1BFFD48200D723CE /* LaunchScreen.storyboard in Resources */,
				2B03D80A1BFFD48200D723CE /* Assets.xcassets in Resources */,
				2B03D8081BFFD48200D723CE /* Main.storyboard in Resources */,
			);
			runOnlyForDeploymentPostprocessing = 0;
		};
/* End PBXResourcesBuildPhase section */

/* Begin PBXSourcesBuildPhase section */
		2B03D7FB1BFFD48200D723CE /* Sources */ = {
			isa = PBXSourcesBuildPhase;
			buildActionMask = 2147483647;
			files = (
				2B5B769D1BFFF8BD000A515A /* FactModel.swift in Sources */,
				2B5B769F1C025B1F000A515A /* ColourModel.swift in Sources */,
				2B03D8051BFFD48200D723CE /* ViewController.swift in Sources */,
				2B03D8031BFFD48200D723CE /* AppDelegate.swift in Sources */,
			);
			runOnlyForDeploymentPostprocessing = 0;
		};
/* End PBXSourcesBuildPhase section */

/* Begin PBXVariantGroup section */
		2B03D8061BFFD48200D723CE /* Main.storyboard */ = {
			isa = PBXVariantGroup;
			children = (
				2B03D8071BFFD48200D723CE /* Base */,
			);
			name = Main.storyboard;
			sourceTree = "<group>";
		};
		2B03D80B1BFFD48200D723CE /* LaunchScreen.storyboard */ = {
			isa = PBXVariantGroup;
			children = (
				2B03D80C1BFFD48200D723CE /* Base */,
			);
			name = LaunchScreen.storyboard;
			sourceTree = "<group>";
		};
/* End PBXVariantGroup section */

/* Begin XCBuildConfiguration section */
		2B03D80F1BFFD48200D723CE /* Debug */ = {
			isa = XCBuildConfiguration;
			buildSettings = {
				ALWAYS_SEARCH_USER_PATHS = NO;
				CLANG_CXX_LANGUAGE_STANDARD = "gnu++0x";
				CLANG_CXX_LIBRARY = "libc++";
				CLANG_ENABLE_MODULES = YES;
				CLANG_ENABLE_OBJC_ARC = YES;
				CLANG_WARN_BOOL_CONVERSION = YES;
				CLANG_WARN_CONSTANT_CONVERSION = YES;
				CLANG_WARN_DIRECT_OBJC_ISA_USAGE = YES_ERROR;
				CLANG_WARN_EMPTY_BODY = YES;
				CLANG_WARN_ENUM_CONVERSION = YES;
				CLANG_WARN_INT_CONVERSION = YES;
				CLANG_WARN_OBJC_ROOT_CLASS = YES_ERROR;
				CLANG_WARN_UNREACHABLE_CODE = YES;
				CLANG_WARN__DUPLICATE_METHOD_MATCH = YES;
				"CODE_SIGN_IDENTITY[sdk=iphoneos*]" = "iPhone Developer";
				COPY_PHASE_STRIP = NO;
				DEBUG_INFORMATION_FORMAT = dwarf;
				ENABLE_STRICT_OBJC_MSGSEND = YES;
				ENABLE_TESTABILITY = YES;
				GCC_C_LANGUAGE_STANDARD = gnu99;
				GCC_DYNAMIC_NO_PIC = NO;
				GCC_NO_COMMON_BLOCKS = YES;
				GCC_OPTIMIZATION_LEVEL = 0;
				GCC_PREPROCESSOR_DEFINITIONS = (
					"DEBUG=1",
					"$(inherited)",
				);
				GCC_WARN_64_TO_32_BIT_CONVERSION = YES;
				GCC_WARN_ABOUT_RETURN_TYPE = YES_ERROR;
				GCC_WARN_UNDECLARED_SELECTOR = YES;
				GCC_WARN_UNINITIALIZED_AUTOS = YES_AGGRESSIVE;
				GCC_WARN_UNUSED_FUNCTION = YES;
				GCC_WARN_UNUSED_VARIABLE = YES;
				IPHONEOS_DEPLOYMENT_TARGET = 9.1;
				MTL_ENABLE_DEBUG_INFO = YES;
				ONLY_ACTIVE_ARCH = YES;
				SDKROOT = iphoneos;
				SWIFT_OPTIMIZATION_LEVEL = "-Onone";
			};
			name = Debug;
		};
		2B03D8101BFFD48200D723CE /* Release */ = {
			isa = XCBuildConfiguration;
			buildSettings = {
				ALWAYS_SEARCH_USER_PATHS = NO;
				CLANG_CXX_LANGUAGE_STANDARD = "gnu++0x";
				CLANG_CXX_LIBRARY = "libc++";
				CLANG_ENABLE_MODULES = YES;
				CLANG_ENABLE_OBJC_ARC = YES;
				CLANG_WARN_BOOL_CONVERSION = YES;
				CLANG_WARN_CONSTANT_CONVERSION = YES;
				CLANG_WARN_DIRECT_OBJC_ISA_USAGE = YES_ERROR;
				CLANG_WARN_EMPTY_BODY = YES;
				CLANG_WARN_ENUM_CONVERSION = YES;
				CLANG_WARN_INT_CONVERSION = YES;
				CLANG_WARN_OBJC_ROOT_CLASS = YES_ERROR;
				CLANG_WARN_UNREACHABLE_CODE = YES;
				CLANG_WARN__DUPLICATE_METHOD_MATCH = YES;
				"CODE_SIGN_IDENTITY[sdk=iphoneos*]" = "iPhone Developer";
				COPY_PHASE_STRIP = NO;
				DEBUG_INFORMATION_FORMAT = "dwarf-with-dsym";
				ENABLE_NS_ASSERTIONS = NO;
				ENABLE_STRICT_OBJC_MSGSEND = YES;
				GCC_C_LANGUAGE_STANDARD = gnu99;
				GCC_NO_COMMON_BLOCKS = YES;
				GCC_WARN_64_TO_32_BIT_CONVERSION = YES;
				GCC_WARN_ABOUT_RETURN_TYPE = YES_ERROR;
				GCC_WARN_UNDECLARED_SELECTOR = YES;
				GCC_WARN_UNINITIALIZED_AUTOS = YES_AGGRESSIVE;
				GCC_WARN_UNUSED_FUNCTION = YES;
				GCC_WARN_UNUSED_VARIABLE = YES;
				IPHONEOS_DEPLOYMENT_TARGET = 9.1;
				MTL_ENABLE_DEBUG_INFO = NO;
				SDKROOT = iphoneos;
				VALIDATE_PRODUCT = YES;
			};
			name = Release;
		};
		2B03D8121BFFD48200D723CE /* Debug */ = {
			isa = XCBuildConfiguration;
			buildSettings = {
				ASSETCATALOG_COMPILER_APPICON_NAME = AppIcon;
				CODE_SIGN_IDENTITY = "iPhone Developer";
				"CODE_SIGN_IDENTITY[sdk=iphoneos*]" = "iPhone Developer";
				INFOPLIST_FILE = FunFacts/Info.plist;
				LD_RUNPATH_SEARCH_PATHS = "$(inherited) @executable_path/Frameworks";
				PRODUCT_BUNDLE_IDENTIFIER = com.ashwiniyer.FunFacts;
				PRODUCT_NAME = "$(TARGET_NAME)";
				PROVISIONING_PROFILE = "";
				SWIFT_VERSION = 3.0;
			};
			name = Debug;
		};
		2B03D8131BFFD48200D723CE /* Release */ = {
			isa = XCBuildConfiguration;
			buildSettings = {
				ASSETCATALOG_COMPILER_APPICON_NAME = AppIcon;
				CODE_SIGN_IDENTITY = "iPhone Developer";
				"CODE_SIGN_IDENTITY[sdk=iphoneos*]" = "iPhone Developer";
				INFOPLIST_FILE = FunFacts/Info.plist;
				LD_RUNPATH_SEARCH_PATHS = "$(inherited) @executable_path/Frameworks";
				PRODUCT_BUNDLE_IDENTIFIER = com.ashwiniyer.FunFacts;
				PRODUCT_NAME = "$(TARGET_NAME)";
				PROVISIONING_PROFILE = "";
				SWIFT_VERSION = 3.0;
			};
			name = Release;
		};
/* End XCBuildConfiguration section */

/* Begin XCConfigurationList section */
		2B03D7FA1BFFD48200D723CE /* Build configuration list for PBXProject "FunFacts" */ = {
			isa = XCConfigurationList;
			buildConfigurations = (
				2B03D80F1BFFD48200D723CE /* Debug */,
				2B03D8101BFFD48200D723CE /* Release */,
			);
			defaultConfigurationIsVisible = 0;
			defaultConfigurationName = Release;
		};
		2B03D8111BFFD48200D723CE /* Build configuration list for PBXNativeTarget "FunFacts" */ = {
			isa = XCConfigurationList;
			buildConfigurations = (
				2B03D8121BFFD48200D723CE /* Debug */,
				2B03D8131BFFD48200D723CE /* Release */,
			);
			defaultConfigurationIsVisible = 0;
			defaultConfigurationName = Release;
		};
/* End XCConfigurationList section */
	};
	rootObject = 2B03D7F71BFFD48200D723CE /* Project object */;
}
